
Microsoft Visual Studio Solution File, Format Version 12.00
# Visual Studio 15
VisualStudioVersion = 15.0.28307.572
MinimumVisualStudioVersion = 10.0.40219.1
Project("{8BC9CEB8-8B4A-11D0-8D11-00A0C91BC942}") = "G-Rank Software Solutions", "G-Rank Software Solutions\G-Rank Software Solutions.vcxproj", "{38319D82-8C28-412F-9BD2-1D4B951DAB89}"
EndProject
Global
	GlobalSection(SolutionConfigurationPlatforms) = preSolution
		Debug|x64 = Debug|x64
		Debug|x86 = Debug|x86
		Release|x64 = Release|x64
		Release|x86 = Release|x86
	EndGlobalSection
	GlobalSection(ProjectConfigurationPlatforms) = postSolution
		{38319D82-8C28-412F-9BD2-1D4B951DAB89}.Debug|x64.ActiveCfg = Debug|x64
		{38319D82-8C28-412F-9BD2-1D4B951DAB89}.Debug|x64.Build.0 = Debug|x64
		{38319D82-8C28-412F-9BD2-1D4B951DAB89}.Debug|x86.ActiveCfg = Debug|Win32
		{38319D82-8C28-412F-9BD2-1D4B951DAB89}.Debug|x86.Build.0 = Debug|Win32
		{38319D82-8C28-412F-9BD2-1D4B951DAB89}.Release|x64.ActiveCfg = Release|x64
		{38319D82-8C28-412F-9BD2-1D4B951DAB89}.Release|x64.Build.0 = Release|x64
		{38319D82-8C28-412F-9BD2-1D4B951DAB89}.Release|x86.ActiveCfg = Release|Win32
		{38319D82-8C28-412F-9BD2-1D4B951DAB89}.Release|x86.Build.0 = Release|Win32
	EndGlobalSection
	GlobalSection(SolutionProperties) = preSolution
		HideSolutionNode = FALSE
	EndGlobalSection
	GlobalSection(ExtensibilityGlobals) = postSolution
		SolutionGuid = {70D939C7-5E6E-4738-BE3F-03658E086572}
	EndGlobalSection
EndGlobal
