<?xml version="1.0" encoding="utf-8"?>
<Project ToolsVersion="4.0" xmlns="http://schemas.microsoft.com/developer/msbuild/2003">
  <ItemGroup>
    <ClCompile Include="Administrator.cpp">
      <Filter>Source Files</Filter>
    </ClCompile>
    <ClCompile Include="car.cpp">
      <Filter>Source Files</Filter>
    </ClCompile>
    <ClCompile Include="Customer.cpp">
      <Filter>Source Files</Filter>
    </ClCompile>
    <ClCompile Include="main.cpp">
      <Filter>Source Files</Filter>
    </ClCompile>
    <ClCompile Include="receipts.cpp">
      <Filter>Source Files</Filter>
    </ClCompile>
    <ClCompile Include="reviews.cpp">
      <Filter>Source Files</Filter>
    </ClCompile>
    <ClCompile Include="ServiceRequest.cpp">
      <Filter>Source Files</Filter>
    </ClCompile>
    <ClCompile Include="Specialist.cpp">
      <Filter>Source Files</Filter>
    </ClCompile>
    <ClCompile Include="User.cpp">
      <Filter>Source Files</Filter>
    </ClCompile>
    <ClCompile Include="UserSession.cpp">
      <Filter>Source Files</Filter>
    </ClCompile>
    <ClCompile Include="GRSS.cpp">
      <Filter>Source Files</Filter>
    </ClCompile>
  </ItemGroup>
  <ItemGroup>
    <ClInclude Include="Administrator.h">
      <Filter>Header Files</Filter>
    </ClInclude>
    <ClInclude Include="car.h">
      <Filter>Header Files</Filter>
    </ClInclude>
    <ClInclude Include="Customer.h">
      <Filter>Header Files</Filter>
    </ClInclude>
    <ClInclude Include="receipts.h">
      <Filter>Header Files</Filter>
    </ClInclude>
    <ClInclude Include="reviews.h">
      <Filter>Header Files</Filter>
    </ClInclude>
    <ClInclude Include="ServiceRequest.h">
      <Filter>Header Files</Filter>
    </ClInclude>
    <ClInclude Include="Specialist.h">
      <Filter>Header Files</Filter>
    </ClInclude>
    <ClInclude Include="User.h">
      <Filter>Header Files</Filter>
    </ClInclude>
    <ClInclude Include="UserSession.h">
      <Filter>Header Files</Filter>
    </ClInclude>
    <ClInclude Include="GRSS.h">
      <Filter>Header Files</Filter>
    </ClInclude>
  </ItemGroup>
  <ItemGroup>
    <Filter Include="Header Files">
      <UniqueIdentifier>{1dd03362-cf59-4f85-87ad-7f9be7d93ac7}</UniqueIdentifier>
    </Filter>
    <Filter Include="Source Files">
      <UniqueIdentifier>{f1bb79d8-3c61-497f-aaab-184b4eba8fc6}</UniqueIdentifier>
    </Filter>
    <Filter Include="Resource Files">
      <UniqueIdentifier>{d41c45be-7bee-47bc-983f-dabbf00456fc}</UniqueIdentifier>
    </Filter>
  </ItemGroup>
</Project>